github.com/adityatelange/hugo-PaperMod v0.0.0-20240621184713-9ea3bb0e1f3a h1:y7opcJjy8jMqSUsbV4pIaQOhn4PhzfWn7p9VdMnpKT0=
github.com/adityatelange/hugo-PaperMod v0.0.0-20240621184713-9ea3bb0e1f3a/go.mod h1:HCHxNMKYdGafUYjVV3ICiAqznZK2yH0iI53jqcDFDdQ=
github.com/theNewDynamic/gohugo-theme-ananke v0.0.0-20240503174335-33fbda0e9d3e h1:7gGo4gWBXKqjctzjetYSPhOGJKbVBsNgkiv5oJ3LgJc=
github.com/theNewDynamic/gohugo-theme-ananke v0.0.0-20240503174335-33fbda0e9d3e/go.mod h1:yY14BLqqh5G61rO81YcJKMHY1rClY5iIiUK+K2JKSUM=
